
Microsoft Visual Studio Solution File, Format Version 12.00
# Visual Studio 15
VisualStudioVersion = 15.0.28307.1401
MinimumVisualStudioVersion = 10.0.40219.1
Project("{FAE04EC0-301F-11D3-BF4B-00C04F79EFBC}") = "final_test", "final_test\final_test.csproj", "{7993BC54-A66D-47FC-AF74-9D043B0E1505}"
EndProject
Global
	GlobalSection(SolutionConfigurationPlatforms) = preSolution
		Debug|Any CPU = Debug|Any CPU
		Release|Any CPU = Release|Any CPU
	EndGlobalSection
	GlobalSection(ProjectConfigurationPlatforms) = postSolution
		{7993BC54-A66D-47FC-AF74-9D043B0E1505}.Debug|Any CPU.ActiveCfg = Debug|Any CPU
		{7993BC54-A66D-47FC-AF74-9D043B0E1505}.Debug|Any CPU.Build.0 = Debug|Any CPU
		{7993BC54-A66D-47FC-AF74-9D043B0E1505}.Release|Any CPU.ActiveCfg = Release|Any CPU
		{7993BC54-A66D-47FC-AF74-9D043B0E1505}.Release|Any CPU.Build.0 = Release|Any CPU
	EndGlobalSection
	GlobalSection(SolutionProperties) = preSolution
		HideSolutionNode = FALSE
	EndGlobalSection
	GlobalSection(ExtensibilityGlobals) = postSolution
		SolutionGuid = {7801CAAD-BCCA-4242-8884-C423D54A5243}
	EndGlobalSection
EndGlobal
